// !$*UTF8*$!
{
	archiveVersion = 1;
	classes = {
	};
	objectVersion = 50;
	objects = {

/* Begin PBXBuildFile section */
		7ABBF4292076DF7E0051ECB4 /* AppDelegate.swift in Sources */ = {isa = PBXBuildFile; fileRef = 7ABBF4282076DF7E0051ECB4 /* AppDelegate.swift */; };
		7ABBF42B2076DF7E0051ECB4 /* ViewController.swift in Sources */ = {isa = PBXBuildFile; fileRef = 7ABBF42A2076DF7E0051ECB4 /* ViewController.swift */; };
		7ABBF42E2076DF7E0051ECB4 /* Main.storyboard in Resources */ = {isa = PBXBuildFile; fileRef = 7ABBF42C2076DF7E0051ECB4 /* Main.storyboard */; };
		7ABBF4302076DF800051ECB4 /* Assets.xcassets in Resources */ = {isa = PBXBuildFile; fileRef = 7ABBF42F2076DF800051ECB4 /* Assets.xcassets */; };
		7ABBF4332076DF800051ECB4 /* LaunchScreen.storyboard in Resources */ = {isa = PBXBuildFile; fileRef = 7ABBF4312076DF800051ECB4 /* LaunchScreen.storyboard */; };
		7ABBF43E2076DF800051ECB4 /* NetworkLayerTests.swift in Sources */ = {isa = PBXBuildFile; fileRef = 7ABBF43D2076DF800051ECB4 /* NetworkLayerTests.swift */; };
		7ABBF4492076E4480051ECB4 /* EndPointType.swift in Sources */ = {isa = PBXBuildFile; fileRef = 7ABBF4482076E4480051ECB4 /* EndPointType.swift */; };
		7ABBF44B2076E4920051ECB4 /* HTTPMethod.swift in Sources */ = {isa = PBXBuildFile; fileRef = 7ABBF44A2076E4920051ECB4 /* HTTPMethod.swift */; };
		7ABBF44D2076E50B0051ECB4 /* HTTPTask.swift in Sources */ = {isa = PBXBuildFile; fileRef = 7ABBF44C2076E50B0051ECB4 /* HTTPTask.swift */; };
		7ABBF4502076E62D0051ECB4 /* ParameterEncoding.swift in Sources */ = {isa = PBXBuildFile; fileRef = 7ABBF44F2076E62D0051ECB4 /* ParameterEncoding.swift */; };
		7ABBF4532076E8EE0051ECB4 /* URLParameterEncoder.swift in Sources */ = {isa = PBXBuildFile; fileRef = 7ABBF4522076E8EE0051ECB4 /* URLParameterEncoder.swift */; };
		7ABBF4552076EAFF0051ECB4 /* JSONParameterEncoder.swift in Sources */ = {isa = PBXBuildFile; fileRef = 7ABBF4542076EAFF0051ECB4 /* JSONParameterEncoder.swift */; };
/* End PBXBuildFile section */

/* Begin PBXContainerItemProxy section */
		7ABBF43A2076DF800051ECB4 /* PBXContainerItemProxy */ = {
			isa = PBXContainerItemProxy;
			containerPortal = 7ABBF41D2076DF7D0051ECB4 /* Project object */;
			proxyType = 1;
			remoteGlobalIDString = 7ABBF4242076DF7D0051ECB4;
			remoteInfo = NetworkLayer;
		};
/* End PBXContainerItemProxy section */

/* Begin PBXFileReference section */
		7ABBF4252076DF7E0051ECB4 /* NetworkLayer.app */ = {isa = PBXFileReference; explicitFileType = wrapper.application; includeInIndex = 0; path = NetworkLayer.app; sourceTree = BUILT_PRODUCTS_DIR; };
		7ABBF4282076DF7E0051ECB4 /* AppDelegate.swift */ = {isa = PBXFileReference; lastKnownFileType = sourcecode.swift; path = AppDelegate.swift; sourceTree = "<group>"; };
		7ABBF42A2076DF7E0051ECB4 /* ViewController.swift */ = {isa = PBXFileReference; lastKnownFileType = sourcecode.swift; path = ViewController.swift; sourceTree = "<group>"; };
		7ABBF42D2076DF7E0051ECB4 /* Base */ = {isa = PBXFileReference; lastKnownFileType = file.storyboard; name = Base; path = Base.lproj/Main.storyboard; sourceTree = "<group>"; };
		7ABBF42F2076DF800051ECB4 /* Assets.xcassets */ = {isa = PBXFileReference; lastKnownFileType = folder.assetcatalog; path = Assets.xcassets; sourceTree = "<group>"; };
		7ABBF4322076DF800051ECB4 /* Base */ = {isa = PBXFileReference; lastKnownFileType = file.storyboard; name = Base; path = Base.lproj/LaunchScreen.storyboard; sourceTree = "<group>"; };
		7ABBF4342076DF800051ECB4 /* Info.plist */ = {isa = PBXFileReference; lastKnownFileType = text.plist.xml; path = Info.plist; sourceTree = "<group>"; };
		7ABBF4392076DF800051ECB4 /* NetworkLayerTests.xctest */ = {isa = PBXFileReference; explicitFileType = wrapper.cfbundle; includeInIndex = 0; path = NetworkLayerTests.xctest; sourceTree = BUILT_PRODUCTS_DIR; };
		7ABBF43D2076DF800051ECB4 /* NetworkLayerTests.swift */ = {isa = PBXFileReference; lastKnownFileType = sourcecode.swift; path = NetworkLayerTests.swift; sourceTree = "<group>"; };
		7ABBF43F2076DF800051ECB4 /* Info.plist */ = {isa = PBXFileReference; lastKnownFileType = text.plist.xml; path = Info.plist; sourceTree = "<group>"; };
		7ABBF4482076E4480051ECB4 /* EndPointType.swift */ = {isa = PBXFileReference; lastKnownFileType = sourcecode.swift; path = EndPointType.swift; sourceTree = "<group>"; };
		7ABBF44A2076E4920051ECB4 /* HTTPMethod.swift */ = {isa = PBXFileReference; lastKnownFileType = sourcecode.swift; path = HTTPMethod.swift; sourceTree = "<group>"; };
		7ABBF44C2076E50B0051ECB4 /* HTTPTask.swift */ = {isa = PBXFileReference; lastKnownFileType = sourcecode.swift; path = HTTPTask.swift; sourceTree = "<group>"; };
		7ABBF44F2076E62D0051ECB4 /* ParameterEncoding.swift */ = {isa = PBXFileReference; lastKnownFileType = sourcecode.swift; path = ParameterEncoding.swift; sourceTree = "<group>"; };
		7ABBF4522076E8EE0051ECB4 /* URLParameterEncoder.swift */ = {isa = PBXFileReference; lastKnownFileType = sourcecode.swift; path = URLParameterEncoder.swift; sourceTree = "<group>"; };
		7ABBF4542076EAFF0051ECB4 /* JSONParameterEncoder.swift */ = {isa = PBXFileReference; lastKnownFileType = sourcecode.swift; path = JSONParameterEncoder.swift; sourceTree = "<group>"; };
/* End PBXFileReference section */

/* Begin PBXFrameworksBuildPhase section */
		7ABBF4222076DF7D0051ECB4 /* Frameworks */ = {
			isa = PBXFrameworksBuildPhase;
			buildActionMask = 2147483647;
			files = (
			);
			runOnlyForDeploymentPostprocessing = 0;
		};
		7ABBF4362076DF800051ECB4 /* Frameworks */ = {
			isa = PBXFrameworksBuildPhase;
			buildActionMask = 2147483647;
			files = (
			);
			runOnlyForDeploymentPostprocessing = 0;
		};
/* End PBXFrameworksBuildPhase section */

/* Begin PBXGroup section */
		7ABBF41C2076DF7D0051ECB4 = {
			isa = PBXGroup;
			children = (
				7ABBF4272076DF7E0051ECB4 /* NetworkLayer */,
				7ABBF43C2076DF800051ECB4 /* NetworkLayerTests */,
				7ABBF4262076DF7E0051ECB4 /* Products */,
			);
			sourceTree = "<group>";
		};
		7ABBF4262076DF7E0051ECB4 /* Products */ = {
			isa = PBXGroup;
			children = (
				7ABBF4252076DF7E0051ECB4 /* NetworkLayer.app */,
				7ABBF4392076DF800051ECB4 /* NetworkLayerTests.xctest */,
			);
			name = Products;
			sourceTree = "<group>";
		};
		7ABBF4272076DF7E0051ECB4 /* NetworkLayer */ = {
			isa = PBXGroup;
			children = (
				7ABBF4282076DF7E0051ECB4 /* AppDelegate.swift */,
				7ABBF42A2076DF7E0051ECB4 /* ViewController.swift */,
				7ABBF4512076E6360051ECB4 /* Encoding */,
				7ABBF44E2076E5650051ECB4 /* Service */,
				7ABBF42C2076DF7E0051ECB4 /* Main.storyboard */,
				7ABBF42F2076DF800051ECB4 /* Assets.xcassets */,
				7ABBF4312076DF800051ECB4 /* LaunchScreen.storyboard */,
				7ABBF4342076DF800051ECB4 /* Info.plist */,
			);
			path = NetworkLayer;
			sourceTree = "<group>";
		};
		7ABBF43C2076DF800051ECB4 /* NetworkLayerTests */ = {
			isa = PBXGroup;
			children = (
				7ABBF43D2076DF800051ECB4 /* NetworkLayerTests.swift */,
				7ABBF43F2076DF800051ECB4 /* Info.plist */,
			);
			path = NetworkLayerTests;
			sourceTree = "<group>";
		};
		7ABBF44E2076E5650051ECB4 /* Service */ = {
			isa = PBXGroup;
			children = (
				7ABBF4482076E4480051ECB4 /* EndPointType.swift */,
				7ABBF44A2076E4920051ECB4 /* HTTPMethod.swift */,
				7ABBF44C2076E50B0051ECB4 /* HTTPTask.swift */,
			);
			path = Service;
			sourceTree = "<group>";
		};
		7ABBF4512076E6360051ECB4 /* Encoding */ = {
			isa = PBXGroup;
			children = (
				7ABBF44F2076E62D0051ECB4 /* ParameterEncoding.swift */,
				7ABBF4522076E8EE0051ECB4 /* URLParameterEncoder.swift */,
				7ABBF4542076EAFF0051ECB4 /* JSONParameterEncoder.swift */,
			);
			path = Encoding;
			sourceTree = "<group>";
		};
/* End PBXGroup section */

/* Begin PBXNativeTarget section */
		7ABBF4242076DF7D0051ECB4 /* NetworkLayer */ = {
			isa = PBXNativeTarget;
			buildConfigurationList = 7ABBF4422076DF800051ECB4 /* Build configuration list for PBXNativeTarget "NetworkLayer" */;
			buildPhases = (
				7ABBF4212076DF7D0051ECB4 /* Sources */,
				7ABBF4222076DF7D0051ECB4 /* Frameworks */,
				7ABBF4232076DF7D0051ECB4 /* Resources */,
			);
			buildRules = (
			);
			dependencies = (
			);
			name = NetworkLayer;
			productName = NetworkLayer;
			productReference = 7ABBF4252076DF7E0051ECB4 /* NetworkLayer.app */;
			productType = "com.apple.product-type.application";
		};
		7ABBF4382076DF800051ECB4 /* NetworkLayerTests */ = {
			isa = PBXNativeTarget;
			buildConfigurationList = 7ABBF4452076DF800051ECB4 /* Build configuration list for PBXNativeTarget "NetworkLayerTests" */;
			buildPhases = (
				7ABBF4352076DF800051ECB4 /* Sources */,
				7ABBF4362076DF800051ECB4 /* Frameworks */,
				7ABBF4372076DF800051ECB4 /* Resources */,
			);
			buildRules = (
			);
			dependencies = (
				7ABBF43B2076DF800051ECB4 /* PBXTargetDependency */,
			);
			name = NetworkLayerTests;
			productName = NetworkLayerTests;
			productReference = 7ABBF4392076DF800051ECB4 /* NetworkLayerTests.xctest */;
			productType = "com.apple.product-type.bundle.unit-test";
		};
/* End PBXNativeTarget section */

/* Begin PBXProject section */
		7ABBF41D2076DF7D0051ECB4 /* Project object */ = {
			isa = PBXProject;
			attributes = {
				LastSwiftUpdateCheck = 0930;
				LastUpgradeCheck = 0930;
				ORGANIZATIONNAME = "Chris Kong";
				TargetAttributes = {
					7ABBF4242076DF7D0051ECB4 = {
						CreatedOnToolsVersion = 9.3;
					};
					7ABBF4382076DF800051ECB4 = {
						CreatedOnToolsVersion = 9.3;
						TestTargetID = 7ABBF4242076DF7D0051ECB4;
					};
				};
			};
			buildConfigurationList = 7ABBF4202076DF7D0051ECB4 /* Build configuration list for PBXProject "NetworkLayer" */;
			compatibilityVersion = "Xcode 9.3";
			developmentRegion = en;
			hasScannedForEncodings = 0;
			knownRegions = (
				en,
				Base,
			);
			mainGroup = 7ABBF41C2076DF7D0051ECB4;
			productRefGroup = 7ABBF4262076DF7E0051ECB4 /* Products */;
			projectDirPath = "";
			projectRoot = "";
			targets = (
				7ABBF4242076DF7D0051ECB4 /* NetworkLayer */,
				7ABBF4382076DF800051ECB4 /* NetworkLayerTests */,
			);
		};
/* End PBXProject section */

/* Begin PBXResourcesBuildPhase section */
		7ABBF4232076DF7D0051ECB4 /* Resources */ = {
			isa = PBXResourcesBuildPhase;
			buildActionMask = 2147483647;
			files = (
				7ABBF4332076DF800051ECB4 /* LaunchScreen.storyboard in Resources */,
				7ABBF4302076DF800051ECB4 /* Assets.xcassets in Resources */,
				7ABBF42E2076DF7E0051ECB4 /* Main.storyboard in Resources */,
			);
			runOnlyForDeploymentPostprocessing = 0;
		};
		7ABBF4372076DF800051ECB4 /* Resources */ = {
			isa = PBXResourcesBuildPhase;
			buildActionMask = 2147483647;
			files = (
			);
			runOnlyForDeploymentPostprocessing = 0;
		};
/* End PBXResourcesBuildPhase section */

/* Begin PBXSourcesBuildPhase section */
		7ABBF4212076DF7D0051ECB4 /* Sources */ = {
			isa = PBXSourcesBuildPhase;
			buildActionMask = 2147483647;
			files = (
				7ABBF4552076EAFF0051ECB4 /* JSONParameterEncoder.swift in Sources */,
				7ABBF4502076E62D0051ECB4 /* ParameterEncoding.swift in Sources */,
				7ABBF44B2076E4920051ECB4 /* HTTPMethod.swift in Sources */,
				7ABBF44D2076E50B0051ECB4 /* HTTPTask.swift in Sources */,
				7ABBF42B2076DF7E0051ECB4 /* ViewController.swift in Sources */,
				7ABBF4532076E8EE0051ECB4 /* URLParameterEncoder.swift in Sources */,
				7ABBF4292076DF7E0051ECB4 /* AppDelegate.swift in Sources */,
				7ABBF4492076E4480051ECB4 /* EndPointType.swift in Sources */,
			);
			runOnlyForDeploymentPostprocessing = 0;
		};
		7ABBF4352076DF800051ECB4 /* Sources */ = {
			isa = PBXSourcesBuildPhase;
			buildActionMask = 2147483647;
			files = (
				7ABBF43E2076DF800051ECB4 /* NetworkLayerTests.swift in Sources */,
			);
			runOnlyForDeploymentPostprocessing = 0;
		};
/* End PBXSourcesBuildPhase section */

/* Begin PBXTargetDependency section */
		7ABBF43B2076DF800051ECB4 /* PBXTargetDependency */ = {
			isa = PBXTargetDependency;
			target = 7ABBF4242076DF7D0051ECB4 /* NetworkLayer */;
			targetProxy = 7ABBF43A2076DF800051ECB4 /* PBXContainerItemProxy */;
		};
/* End PBXTargetDependency section */

/* Begin PBXVariantGroup section */
		7ABBF42C2076DF7E0051ECB4 /* Main.storyboard */ = {
			isa = PBXVariantGroup;
			children = (
				7ABBF42D2076DF7E0051ECB4 /* Base */,
			);
			name = Main.storyboard;
			sourceTree = "<group>";
		};
		7ABBF4312076DF800051ECB4 /* LaunchScreen.storyboard */ = {
			isa = PBXVariantGroup;
			children = (
				7ABBF4322076DF800051ECB4 /* Base */,
			);
			name = LaunchScreen.storyboard;
			sourceTree = "<group>";
		};
/* End PBXVariantGroup section */

/* Begin XCBuildConfiguration section */
		7ABBF4402076DF800051ECB4 /* Debug */ = {
			isa = XCBuildConfiguration;
			buildSettings = {
				ALWAYS_SEARCH_USER_PATHS = NO;
				CLANG_ANALYZER_NONNULL = YES;
				CLANG_ANALYZER_NUMBER_OBJECT_CONVERSION = YES_AGGRESSIVE;
				CLANG_CXX_LANGUAGE_STANDARD = "gnu++14";
				CLANG_CXX_LIBRARY = "libc++";
				CLANG_ENABLE_MODULES = YES;
				CLANG_ENABLE_OBJC_ARC = YES;
				CLANG_ENABLE_OBJC_WEAK = YES;
				CLANG_WARN_BLOCK_CAPTURE_AUTORELEASING = YES;
				CLANG_WARN_BOOL_CONVERSION = YES;
				CLANG_WARN_COMMA = YES;
				CLANG_WARN_CONSTANT_CONVERSION = YES;
				CLANG_WARN_DEPRECATED_OBJC_IMPLEMENTATIONS = YES;
				CLANG_WARN_DIRECT_OBJC_ISA_USAGE = YES_ERROR;
				CLANG_WARN_DOCUMENTATION_COMMENTS = YES;
				CLANG_WARN_EMPTY_BODY = YES;
				CLANG_WARN_ENUM_CONVERSION = YES;
				CLANG_WARN_INFINITE_RECURSION = YES;
				CLANG_WARN_INT_CONVERSION = YES;
				CLANG_WARN_NON_LITERAL_NULL_CONVERSION = YES;
				CLANG_WARN_OBJC_IMPLICIT_RETAIN_SELF = YES;
				CLANG_WARN_OBJC_LITERAL_CONVERSION = YES;
				CLANG_WARN_OBJC_ROOT_CLASS = YES_ERROR;
				CLANG_WARN_RANGE_LOOP_ANALYSIS = YES;
				CLANG_WARN_STRICT_PROTOTYPES = YES;
				CLANG_WARN_SUSPICIOUS_MOVE = YES;
				CLANG_WARN_UNGUARDED_AVAILABILITY = YES_AGGRESSIVE;
				CLANG_WARN_UNREACHABLE_CODE = YES;
				CLANG_WARN__DUPLICATE_METHOD_MATCH = YES;
				CODE_SIGN_IDENTITY = "iPhone Developer";
				COPY_PHASE_STRIP = NO;
				DEBUG_INFORMATION_FORMAT = dwarf;
				ENABLE_STRICT_OBJC_MSGSEND = YES;
				ENABLE_TESTABILITY = YES;
				GCC_C_LANGUAGE_STANDARD = gnu11;
				GCC_DYNAMIC_NO_PIC = NO;
				GCC_NO_COMMON_BLOCKS = YES;
				GCC_OPTIMIZATION_LEVEL = 0;
				GCC_PREPROCESSOR_DEFINITIONS = (
					"DEBUG=1",
					"$(inherited)",
				);
				GCC_WARN_64_TO_32_BIT_CONVERSION = YES;
				GCC_WARN_ABOUT_RETURN_TYPE = YES_ERROR;
				GCC_WARN_UNDECLARED_SELECTOR = YES;
				GCC_WARN_UNINITIALIZED_AUTOS = YES_AGGRESSIVE;
				GCC_WARN_UNUSED_FUNCTION = YES;
				GCC_WARN_UNUSED_VARIABLE = YES;
				IPHONEOS_DEPLOYMENT_TARGET = 11.3;
				MTL_ENABLE_DEBUG_INFO = YES;
				ONLY_ACTIVE_ARCH = YES;
				SDKROOT = iphoneos;
				SWIFT_ACTIVE_COMPILATION_CONDITIONS = DEBUG;
				SWIFT_OPTIMIZATION_LEVEL = "-Onone";
			};
			name = Debug;
		};
		7ABBF4412076DF800051ECB4 /* Release */ = {
			isa = XCBuildConfiguration;
			buildSettings = {
				ALWAYS_SEARCH_USER_PATHS = NO;
				CLANG_ANALYZER_NONNULL = YES;
				CLANG_ANALYZER_NUMBER_OBJECT_CONVERSION = YES_AGGRESSIVE;
				CLANG_CXX_LANGUAGE_STANDARD = "gnu++14";
				CLANG_CXX_LIBRARY = "libc++";
				CLANG_ENABLE_MODULES = YES;
				CLANG_ENABLE_OBJC_ARC = YES;
				CLANG_ENABLE_OBJC_WEAK = YES;
				CLANG_WARN_BLOCK_CAPTURE_AUTORELEASING = YES;
				CLANG_WARN_BOOL_CONVERSION = YES;
				CLANG_WARN_COMMA = YES;
				CLANG_WARN_CONSTANT_CONVERSION = YES;
				CLANG_WARN_DEPRECATED_OBJC_IMPLEMENTATIONS = YES;
				CLANG_WARN_DIRECT_OBJC_ISA_USAGE = YES_ERROR;
				CLANG_WARN_DOCUMENTATION_COMMENTS = YES;
				CLANG_WARN_EMPTY_BODY = YES;
				CLANG_WARN_ENUM_CONVERSION = YES;
				CLANG_WARN_INFINITE_RECURSION = YES;
				CLANG_WARN_INT_CONVERSION = YES;
				CLANG_WARN_NON_LITERAL_NULL_CONVERSION = YES;
				CLANG_WARN_OBJC_IMPLICIT_RETAIN_SELF = YES;
				CLANG_WARN_OBJC_LITERAL_CONVERSION = YES;
				CLANG_WARN_OBJC_ROOT_CLASS = YES_ERROR;
				CLANG_WARN_RANGE_LOOP_ANALYSIS = YES;
				CLANG_WARN_STRICT_PROTOTYPES = YES;
				CLANG_WARN_SUSPICIOUS_MOVE = YES;
				CLANG_WARN_UNGUARDED_AVAILABILITY = YES_AGGRESSIVE;
				CLANG_WARN_UNREACHABLE_CODE = YES;
				CLANG_WARN__DUPLICATE_METHOD_MATCH = YES;
				CODE_SIGN_IDENTITY = "iPhone Developer";
				COPY_PHASE_STRIP = NO;
				DEBUG_INFORMATION_FORMAT = "dwarf-with-dsym";
				ENABLE_NS_ASSERTIONS = NO;
				ENABLE_STRICT_OBJC_MSGSEND = YES;
				GCC_C_LANGUAGE_STANDARD = gnu11;
				GCC_NO_COMMON_BLOCKS = YES;
				GCC_WARN_64_TO_32_BIT_CONVERSION = YES;
				GCC_WARN_ABOUT_RETURN_TYPE = YES_ERROR;
				GCC_WARN_UNDECLARED_SELECTOR = YES;
				GCC_WARN_UNINITIALIZED_AUTOS = YES_AGGRESSIVE;
				GCC_WARN_UNUSED_FUNCTION = YES;
				GCC_WARN_UNUSED_VARIABLE = YES;
				IPHONEOS_DEPLOYMENT_TARGET = 11.3;
				MTL_ENABLE_DEBUG_INFO = NO;
				SDKROOT = iphoneos;
				SWIFT_COMPILATION_MODE = wholemodule;
				SWIFT_OPTIMIZATION_LEVEL = "-O";
				VALIDATE_PRODUCT = YES;
			};
			name = Release;
		};
		7ABBF4432076DF800051ECB4 /* Debug */ = {
			isa = XCBuildConfiguration;
			buildSettings = {
				ASSETCATALOG_COMPILER_APPICON_NAME = AppIcon;
				CODE_SIGN_STYLE = Automatic;
				DEVELOPMENT_TEAM = KG5698275Z;
				INFOPLIST_FILE = NetworkLayer/Info.plist;
				LD_RUNPATH_SEARCH_PATHS = (
					"$(inherited)",
					"@executable_path/Frameworks",
				);
				PRODUCT_BUNDLE_IDENTIFIER = com.chrisjkong.NetworkLayer;
				PRODUCT_NAME = "$(TARGET_NAME)";
				SWIFT_VERSION = 4.0;
				TARGETED_DEVICE_FAMILY = "1,2";
			};
			name = Debug;
		};
		7ABBF4442076DF800051ECB4 /* Release */ = {
			isa = XCBuildConfiguration;
			buildSettings = {
				ASSETCATALOG_COMPILER_APPICON_NAME = AppIcon;
				CODE_SIGN_STYLE = Automatic;
				DEVELOPMENT_TEAM = KG5698275Z;
				INFOPLIST_FILE = NetworkLayer/Info.plist;
				LD_RUNPATH_SEARCH_PATHS = (
					"$(inherited)",
					"@executable_path/Frameworks",
				);
				PRODUCT_BUNDLE_IDENTIFIER = com.chrisjkong.NetworkLayer;
				PRODUCT_NAME = "$(TARGET_NAME)";
				SWIFT_VERSION = 4.0;
				TARGETED_DEVICE_FAMILY = "1,2";
			};
			name = Release;
		};
		7ABBF4462076DF800051ECB4 /* Debug */ = {
			isa = XCBuildConfiguration;
			buildSettings = {
				ALWAYS_EMBED_SWIFT_STANDARD_LIBRARIES = YES;
				BUNDLE_LOADER = "$(TEST_HOST)";
				CODE_SIGN_STYLE = Automatic;
				DEVELOPMENT_TEAM = KG5698275Z;
				INFOPLIST_FILE = NetworkLayerTests/Info.plist;
				LD_RUNPATH_SEARCH_PATHS = (
					"$(inherited)",
					"@executable_path/Frameworks",
					"@loader_path/Frameworks",
				);
				PRODUCT_BUNDLE_IDENTIFIER = com.chrisjkong.NetworkLayerTests;
				PRODUCT_NAME = "$(TARGET_NAME)";
				SWIFT_VERSION = 4.0;
				TARGETED_DEVICE_FAMILY = "1,2";
				TEST_HOST = "$(BUILT_PRODUCTS_DIR)/NetworkLayer.app/NetworkLayer";
			};
			name = Debug;
		};
		7ABBF4472076DF800051ECB4 /* Release */ = {
			isa = XCBuildConfiguration;
			buildSettings = {
				ALWAYS_EMBED_SWIFT_STANDARD_LIBRARIES = YES;
				BUNDLE_LOADER = "$(TEST_HOST)";
				CODE_SIGN_STYLE = Automatic;
				DEVELOPMENT_TEAM = KG5698275Z;
				INFOPLIST_FILE = NetworkLayerTests/Info.plist;
				LD_RUNPATH_SEARCH_PATHS = (
					"$(inherited)",
					"@executable_path/Frameworks",
					"@loader_path/Frameworks",
				);
				PRODUCT_BUNDLE_IDENTIFIER = com.chrisjkong.NetworkLayerTests;
				PRODUCT_NAME = "$(TARGET_NAME)";
				SWIFT_VERSION = 4.0;
				TARGETED_DEVICE_FAMILY = "1,2";
				TEST_HOST = "$(BUILT_PRODUCTS_DIR)/NetworkLayer.app/NetworkLayer";
			};
			name = Release;
		};
/* End XCBuildConfiguration section */

/* Begin XCConfigurationList section */
		7ABBF4202076DF7D0051ECB4 /* Build configuration list for PBXProject "NetworkLayer" */ = {
			isa = XCConfigurationList;
			buildConfigurations = (
				7ABBF4402076DF800051ECB4 /* Debug */,
				7ABBF4412076DF800051ECB4 /* Release */,
			);
			defaultConfigurationIsVisible = 0;
			defaultConfigurationName = Release;
		};
		7ABBF4422076DF800051ECB4 /* Build configuration list for PBXNativeTarget "NetworkLayer" */ = {
			isa = XCConfigurationList;
			buildConfigurations = (
				7ABBF4432076DF800051ECB4 /* Debug */,
				7ABBF4442076DF800051ECB4 /* Release */,
			);
			defaultConfigurationIsVisible = 0;
			defaultConfigurationName = Release;
		};
		7ABBF4452076DF800051ECB4 /* Build configuration list for PBXNativeTarget "NetworkLayerTests" */ = {
			isa = XCConfigurationList;
			buildConfigurations = (
				7ABBF4462076DF800051ECB4 /* Debug */,
				7ABBF4472076DF800051ECB4 /* Release */,
			);
			defaultConfigurationIsVisible = 0;
			defaultConfigurationName = Release;
		};
/* End XCConfigurationList section */
	};
	rootObject = 7ABBF41D2076DF7D0051ECB4 /* Project object */;
}
